# THIS IS AN AUTOGENERATED FILE. DO NOT EDIT THIS FILE DIRECTLY.
# yarn lockfile v1


sanctuary-style@^3.0.0:
  version "3.0.0"
  resolved "https://registry.yarnpkg.com/sanctuary-style/-/sanctuary-style-3.0.0.tgz#c39a7c925b24190aa00f5698557d2505b18db35a"
  integrity sha512-99fUdz2MKE7GnxqrOFgBWM0rzdf2YUAhFAaOQb4FUatvHSXX13syIUOiMF0jeAMt26w2wrZGvzlF62EQh1273w==
